// !$*UTF8*$!
{
	archiveVersion = 1;
	classes = {
	};
	objectVersion = 46;
	objects = {
/* Begin PBXBuildFile section */
		0207DA581B56EA530066E2B4 /* Images.xcassets in Resources */ = {isa = PBXBuildFile; fileRef = 0207DA571B56EA530066E2B4 /* Images.xcassets */; };
		1D3623260D0F684500981E51 /* AppDelegate.m in Sources */ = {isa = PBXBuildFile; fileRef = 1D3623250D0F684500981E51 /* AppDelegate.m */; };
		1D60589B0D05DD56006BFB54 /* main.m in Sources */ = {isa = PBXBuildFile; fileRef = 29B97316FDCFA39411CA2CEA /* main.m */; };
		301BF552109A68D80062928A /* libCordova.a in Frameworks */ = {isa = PBXBuildFile; fileRef = 301BF535109A57CC0062928A /* libCordova.a */; };
		302D95F114D2391D003F00A1 /* MainViewController.m in Sources */ = {isa = PBXBuildFile; fileRef = 302D95EF14D2391D003F00A1 /* MainViewController.m */; };
		302D95F214D2391D003F00A1 /* MainViewController.xib in Resources */ = {isa = PBXBuildFile; fileRef = 302D95F014D2391D003F00A1 /* MainViewController.xib */; };
		3047A5121AB8059700498E2A /* build-debug.xcconfig in Resources */ = {isa = PBXBuildFile; fileRef = 3047A50F1AB8059700498E2A /* build-debug.xcconfig */; };
		3047A5131AB8059700498E2A /* build-release.xcconfig in Resources */ = {isa = PBXBuildFile; fileRef = 3047A5101AB8059700498E2A /* build-release.xcconfig */; };
		3047A5141AB8059700498E2A /* build.xcconfig in Resources */ = {isa = PBXBuildFile; fileRef = 3047A5111AB8059700498E2A /* build.xcconfig */; };
		6AFF5BF91D6E424B00AB3073 /* CDVLaunchScreen.storyboard in Resources */ = {isa = PBXBuildFile; fileRef = 6AFF5BF81D6E424B00AB3073 /* CDVLaunchScreen.storyboard */; };
		E10B4B40F310423BADF22A4C /* CDVDevice.m in Sources */ = {isa = PBXBuildFile; fileRef = 1AA966AB35264BCE956C161C /* CDVDevice.m */; };
		F47709D2F5E548B69EE59174 /* CDVLocation.m in Sources */ = {isa = PBXBuildFile; fileRef = 344D806EF8FD46A2BFC9DA7A /* CDVLocation.m */; };
		0FB7C7A2301C4E2DA7FBC19C /* CoreLocation.framework in Frameworks */ = {isa = PBXBuildFile; fileRef = 45A545A7594741168DFA3808 /* CoreLocation.framework */; };
		AB1A0532C8B54CA69DC8C8A1 /* CDVWKWebViewEngine.m in Sources */ = {isa = PBXBuildFile; fileRef = B9E58B2E27F5469EBEDEC83C /* CDVWKWebViewEngine.m */; };
		AE239A7B47454FF38EFA73B0 /* CDVWKWebViewUIDelegate.m in Sources */ = {isa = PBXBuildFile; fileRef = B81E48C7CCE242DAB44454AA /* CDVWKWebViewUIDelegate.m */; };
		EB3FB2C48714419E8A0525C2 /* CDVWKProcessPoolFactory.m in Sources */ = {isa = PBXBuildFile; fileRef = 8291EAA1E1D74357B9F72673 /* CDVWKProcessPoolFactory.m */; };
		FDCF06D584E64E4E86B53F54 /* GCDWebServer.m in Sources */ = {isa = PBXBuildFile; fileRef = 7FD9AA382709484485DAA549 /* GCDWebServer.m */; };
		D3124EE9C7674F6AB06A7E9F /* GCDWebServerConnection.m in Sources */ = {isa = PBXBuildFile; fileRef = DCA3456961BA45658C8AA982 /* GCDWebServerConnection.m */; };
		BF222CB12D1347BB93FFFBD1 /* GCDWebServerFunctions.m in Sources */ = {isa = PBXBuildFile; fileRef = 3FD76681C36949728C1CD2BF /* GCDWebServerFunctions.m */; };
		6794607CA9E948EFAE366615 /* GCDWebServerRequest.m in Sources */ = {isa = PBXBuildFile; fileRef = DC4277C83C134860A9FB6E60 /* GCDWebServerRequest.m */; };
		A11723B874844D438832B223 /* GCDWebServerResponse.m in Sources */ = {isa = PBXBuildFile; fileRef = 5D599D605E1C43F3991D075C /* GCDWebServerResponse.m */; };
		E54DE2E872A04983B2556700 /* GCDWebServerDataRequest.m in Sources */ = {isa = PBXBuildFile; fileRef = F8CC427CDB74484AA039EA33 /* GCDWebServerDataRequest.m */; };
		65AA00536A434252B2526149 /* GCDWebServerFileRequest.m in Sources */ = {isa = PBXBuildFile; fileRef = D3739EA9E8354DC582DB48E0 /* GCDWebServerFileRequest.m */; };
		4E07D4AA25D644EAA8CEC913 /* GCDWebServerMultiPartFormRequest.m in Sources */ = {isa = PBXBuildFile; fileRef = A559166C592B45E79697E575 /* GCDWebServerMultiPartFormRequest.m */; };
		B484684EE7DD4D119474D057 /* GCDWebServerURLEncodedFormRequest.m in Sources */ = {isa = PBXBuildFile; fileRef = A5008A4A325E436BBB182448 /* GCDWebServerURLEncodedFormRequest.m */; };
		DB1A87D2B065404282BA5FB8 /* GCDWebServerDataResponse.m in Sources */ = {isa = PBXBuildFile; fileRef = B601BADB1E5B41BD9183B8C8 /* GCDWebServerDataResponse.m */; };
		A1D43627CAE14130A797182E /* GCDWebServerErrorResponse.m in Sources */ = {isa = PBXBuildFile; fileRef = 06E1FC0C7FD9498FB13BB11A /* GCDWebServerErrorResponse.m */; };
		2F36774AECCE4F4DB10356AA /* GCDWebServerFileResponse.m in Sources */ = {isa = PBXBuildFile; fileRef = C0B7FE2019AD45D9821D1679 /* GCDWebServerFileResponse.m */; };
		0C524B75303149DFB72CF5EE /* GCDWebServerStreamedResponse.m in Sources */ = {isa = PBXBuildFile; fileRef = 6EB44C7FA3E24CDBAAC520AC /* GCDWebServerStreamedResponse.m */; };
		4145CAB4882A412D97F39621 /* WebKit.framework in Frameworks */ = {isa = PBXBuildFile; fileRef = 9B3F72CCF17D4797B4EC0F2B /* WebKit.framework */; settings = {ATTRIBUTES = (Weak, ); }; };
		CB056DA3EE284AC1B41FEBDE /* libz.tbd in Frameworks */ = {isa = PBXBuildFile; fileRef = A27B06C2C2A64FD59E1373C3 /* libz.tbd */; };
		5607B9873AB64A31B6D8A33A /* CDVConnection.m in Sources */ = {isa = PBXBuildFile; fileRef = 87A8C2F5E16940598089D778 /* CDVConnection.m */; };
		C15FC708DAF243F69F2EE2B6 /* CDVReachability.m in Sources */ = {isa = PBXBuildFile; fileRef = 4B0EE791DFF64A2BA426BFEB /* CDVReachability.m */; };
		8CFCE9C7A80946DA9747DCCF /* SystemConfiguration.framework in Frameworks */ = {isa = PBXBuildFile; fileRef = 847847FB2FA74FF98433F705 /* SystemConfiguration.framework */; settings = {ATTRIBUTES = (Weak, ); }; };
		26A889AB6C44489EAAD480D0 /* CoreTelephony.framework in Frameworks */ = {isa = PBXBuildFile; fileRef = 21BC637C5EA84826A3EA31E9 /* CoreTelephony.framework */; };
		1827C950458447549A705857 /* CDVSplashScreen.m in Sources */ = {isa = PBXBuildFile; fileRef = F24850C3F7BF4E189730FE77 /* CDVSplashScreen.m */; };
		C8ECB5E0073543909CCB84C2 /* CDVViewController+SplashScreen.m in Sources */ = {isa = PBXBuildFile; fileRef = 5688968E1FEE42728D4C4429 /* CDVViewController+SplashScreen.m */; };
		CD18CC8481B14D6F9B62233A /* IonicKeyboard.m in Sources */ = {isa = PBXBuildFile; fileRef = 960BAB6FB2344BB8A55F926A /* IonicKeyboard.m */; };
		C7AAF6E7989E47FBB8BACEE7 /* SOSPicker.m in Sources */ = {isa = PBXBuildFile; fileRef = B264F0A69B0042EFA94F42EF /* SOSPicker.m */; };
		F6BF689A14244980ABD6603C /* UIImage+fixOrientation.m in Sources */ = {isa = PBXBuildFile; fileRef = 1896E976D0164C34B216DD04 /* UIImage+fixOrientation.m */; };
		1B7F9B2146F0476E96E730EE /* GMAlbumsViewCell.m in Sources */ = {isa = PBXBuildFile; fileRef = 5453A895FF8A4FB6B7E727C5 /* GMAlbumsViewCell.m */; };
		A0011BA943284A9285303765 /* GMAlbumsViewController.m in Sources */ = {isa = PBXBuildFile; fileRef = 8CBFA4F8B1784203B53AB1F9 /* GMAlbumsViewController.m */; };
		A4F27CD263A74132B2BDDA07 /* GMFetchItem.m in Sources */ = {isa = PBXBuildFile; fileRef = 5C963E122C994779B321C60D /* GMFetchItem.m */; };
		98C1356CD37C4AADAC1BCC34 /* GMGridViewCell.m in Sources */ = {isa = PBXBuildFile; fileRef = 9891CC8A098549B3B72C360F /* GMGridViewCell.m */; };
		6AF297FAAD414F87B820CC88 /* GMGridViewController.m in Sources */ = {isa = PBXBuildFile; fileRef = C531E4B53F03493EBAFF65D2 /* GMGridViewController.m */; };
		B7BE10C7E7DB4CBF810A01B4 /* GMImagePickerController.m in Sources */ = {isa = PBXBuildFile; fileRef = D8B0A9A9507042F98CE72C32 /* GMImagePickerController.m */; };
		FCECE6FD617A40A09B578CFB /* PSYBlockTimer.m in Sources */ = {isa = PBXBuildFile; fileRef = 0818290FE04D46B890B10DBF /* PSYBlockTimer.m */; };
		0B2D65733F6E4AA5A325186E /* GMPHAsset.m in Sources */ = {isa = PBXBuildFile; fileRef = 7FCAFC147A2F4AB28BF53507 /* GMPHAsset.m */; };
		F4B25347F2354B63A4523C3E /* GMEmptyFolder@1x.png in Resources */ = {isa = PBXBuildFile; fileRef = 9F60FAB06C914CE280B91A7F /* GMEmptyFolder@1x.png */; };
		3222BD20BA854A99A94C1EA2 /* GMEmptyFolder@2x.png in Resources */ = {isa = PBXBuildFile; fileRef = 186051C2565741D1807D827A /* GMEmptyFolder@2x.png */; };
		66CC1AE06F7344318E9F7326 /* GMSelected.png in Resources */ = {isa = PBXBuildFile; fileRef = 4B5F771591C0495BAE65144B /* GMSelected.png */; };
		CCB706E5A644415DA3FB907D /* GMSelected@2x.png in Resources */ = {isa = PBXBuildFile; fileRef = 647651FAA39949639BB78E35 /* GMSelected@2x.png */; };
		54851E498BCD4AE489EA3D50 /* GMVideoIcon.png in Resources */ = {isa = PBXBuildFile; fileRef = B3519BFFFFC74980977C333C /* GMVideoIcon.png */; };
		EA21F43A31DF41DE8BB796C4 /* GMVideoIcon@2x.png in Resources */ = {isa = PBXBuildFile; fileRef = 4C0122DC41EE48D19B5AAE33 /* GMVideoIcon@2x.png */; };
		51B1E8D269A7425FBC7D44AC /* ca.lproj in Resources */ = {isa = PBXBuildFile; fileRef = 72AE2885FA1148338FC4D1D9 /* ca.lproj */; };
		14DCD55F7CD54EC58C527522 /* de.lproj in Resources */ = {isa = PBXBuildFile; fileRef = 70C018F158F84EB198CAA20B /* de.lproj */; };
		3AEB609794474F9E93EF688D /* en.lproj in Resources */ = {isa = PBXBuildFile; fileRef = 14ADF6829D574E2E96D0AFE2 /* en.lproj */; };
		2460EF666BF54AEA99B214F0 /* es.lproj in Resources */ = {isa = PBXBuildFile; fileRef = 08A5EC97448A4E739FE54CCB /* es.lproj */; };
		C77FF69B02FF40E688CD6554 /* fr.lproj in Resources */ = {isa = PBXBuildFile; fileRef = 25B3DB3BA4F84384ACBE2AFB /* fr.lproj */; };
		416BE6A13D6F4DF9B30E7AE5 /* it.lproj in Resources */ = {isa = PBXBuildFile; fileRef = 2282BEDF6A534D6DA6EA5B92 /* it.lproj */; };
		A28B6DA3692944089650B570 /* pt.lproj in Resources */ = {isa = PBXBuildFile; fileRef = C2EB364F3A314072A25A0D49 /* pt.lproj */; };
		C02F30BBFEF3421B84749EA2 /* Accelerate.framework in Frameworks */ = {isa = PBXBuildFile; fileRef = 56E141B221FD4BFCB9ACE445 /* Accelerate.framework */; };
		7DAD08664A3443AF9D9636BE /* Security.framework in Frameworks */ = {isa = PBXBuildFile; fileRef = 60188AA5F8A045709EF0FC20 /* Security.framework */; };
		78DD9060C1AA4482B2FD5F4E /* Photos.framework in Frameworks */ = {isa = PBXBuildFile; fileRef = CF7D5E8646504E1CB11BB48C /* Photos.framework */; };
		155745D5EB264C348A3AF01B /* QuartzCore.framework in Frameworks */ = {isa = PBXBuildFile; fileRef = EA37E35B17BC4125B3DC7C38 /* QuartzCore.framework */; };
		A04714D2E4B8421D834C733C /* AppDelegate+notification.m in Sources */ = {isa = PBXBuildFile; fileRef = 80366EDE02AD41EABC83B39A /* AppDelegate+notification.m */; };
		7312CFBE5D9D4091BD2705AB /* PushPlugin.m in Sources */ = {isa = PBXBuildFile; fileRef = 01D8193D55C4419482A2D4A1 /* PushPlugin.m */; };
/* End PBXBuildFile section */

/* Begin PBXContainerItemProxy section */
		301BF534109A57CC0062928A /* PBXContainerItemProxy */ = {
			isa = PBXContainerItemProxy;
			containerPortal = 301BF52D109A57CC0062928A /* CordovaLib.xcodeproj */;
			proxyType = 2;
			remoteGlobalIDString = D2AAC07E0554694100DB518D;
			remoteInfo = CordovaLib;
		};
		301BF550109A68C00062928A /* PBXContainerItemProxy */ = {
			isa = PBXContainerItemProxy;
			containerPortal = 301BF52D109A57CC0062928A /* CordovaLib.xcodeproj */;
			proxyType = 1;
			remoteGlobalIDString = D2AAC07D0554694100DB518D;
			remoteInfo = CordovaLib;
		};
/* End PBXContainerItemProxy section */

/* Begin PBXFileReference section */
		0207DA571B56EA530066E2B4 /* Images.xcassets */ = {isa = PBXFileReference; lastKnownFileType = folder.assetcatalog; name = Images.xcassets; path = "ozalentour/Images.xcassets"; sourceTree = SOURCE_ROOT; };
		1D3623240D0F684500981E51 /* AppDelegate.h */ = {isa = PBXFileReference; fileEncoding = 4; lastKnownFileType = sourcecode.c.h; path = AppDelegate.h; sourceTree = "<group>"; };
		1D3623250D0F684500981E51 /* AppDelegate.m */ = {isa = PBXFileReference; fileEncoding = 4; lastKnownFileType = sourcecode.c.objc; path = AppDelegate.m; sourceTree = "<group>"; };
		1D6058910D05DD3D006BFB54 /* ozalentour.app */ = {isa = PBXFileReference; explicitFileType = wrapper.application; includeInIndex = 0; path = "ozalentour.app"; sourceTree = BUILT_PRODUCTS_DIR; };
		29B97316FDCFA39411CA2CEA /* main.m */ = {isa = PBXFileReference; fileEncoding = 4; lastKnownFileType = sourcecode.c.objc; path = main.m; sourceTree = "<group>"; };
		301BF52D109A57CC0062928A /* CordovaLib.xcodeproj */ = {isa = PBXFileReference; lastKnownFileType = "wrapper.pb-project"; path = CordovaLib/CordovaLib.xcodeproj; sourceTree = "<group>"; };
		301BF56E109A69640062928A /* www */ = {isa = PBXFileReference; lastKnownFileType = folder; path = www; sourceTree = SOURCE_ROOT; };
		302D95EE14D2391D003F00A1 /* MainViewController.h */ = {isa = PBXFileReference; fileEncoding = 4; lastKnownFileType = sourcecode.c.h; path = MainViewController.h; sourceTree = "<group>"; };
		302D95EF14D2391D003F00A1 /* MainViewController.m */ = {isa = PBXFileReference; fileEncoding = 4; lastKnownFileType = sourcecode.c.objc; path = MainViewController.m; sourceTree = "<group>"; };
		302D95F014D2391D003F00A1 /* MainViewController.xib */ = {isa = PBXFileReference; fileEncoding = 4; lastKnownFileType = file.xib; path = MainViewController.xib; sourceTree = "<group>"; };
		3047A50F1AB8059700498E2A /* build-debug.xcconfig */ = {isa = PBXFileReference; fileEncoding = 4; lastKnownFileType = text.xcconfig; name = "build-debug.xcconfig"; path = cordova/build-debug.xcconfig; sourceTree = SOURCE_ROOT; };
		3047A5101AB8059700498E2A /* build-release.xcconfig */ = {isa = PBXFileReference; fileEncoding = 4; lastKnownFileType = text.xcconfig; name = "build-release.xcconfig"; path = cordova/build-release.xcconfig; sourceTree = SOURCE_ROOT; };
		3047A5111AB8059700498E2A /* build.xcconfig */ = {isa = PBXFileReference; fileEncoding = 4; lastKnownFileType = text.xcconfig; name = build.xcconfig; path = cordova/build.xcconfig; sourceTree = SOURCE_ROOT; };
		32CA4F630368D1EE00C91783 /* ozalentour-Prefix.pch */ = {isa = PBXFileReference; fileEncoding = 4; lastKnownFileType = sourcecode.c.h; path = "ozalentour-Prefix.pch"; sourceTree = "<group>"; };
		6AFF5BF81D6E424B00AB3073 /* CDVLaunchScreen.storyboard */ = {isa = PBXFileReference; fileEncoding = 4; lastKnownFileType = file.storyboard; name = CDVLaunchScreen.storyboard; path = "ozalentour/CDVLaunchScreen.storyboard"; sourceTree = SOURCE_ROOT; };
		8D1107310486CEB800E47090 /* ozalentour-Info.plist */ = {isa = PBXFileReference; fileEncoding = 4; lastKnownFileType = text.plist.xml; name = "ozalentour-Info.plist"; path = "ozalentour/ozalentour-Info.plist"; plistStructureDefinitionIdentifier = "com.apple.xcode.plist.structure-definition.iphone.info-plist"; sourceTree = SOURCE_ROOT; };
		EB87FDF31871DA8E0020F90C /* www */ = {isa = PBXFileReference; lastKnownFileType = folder; name = www; path = ../../www; sourceTree = "<group>"; };
		EB87FDF41871DAF40020F90C /* config.xml */ = {isa = PBXFileReference; lastKnownFileType = text.xml; name = config.xml; path = ../../config.xml; sourceTree = "<group>"; };
		F840E1F0165FE0F500CFE078 /* config.xml */ = {isa = PBXFileReference; lastKnownFileType = text.xml; name = config.xml; path = "ozalentour/config.xml"; sourceTree = "<group>"; };
		ED33DF2A687741AEAF9F8254 /* Bridging-Header.h */ = {isa = PBXFileReference; fileEncoding = 4; lastKnownFileType = sourcecode.c.h; name = "Bridging-Header.h"; path = "Bridging-Header.h"; sourceTree = "<group>"; };
		1AA966AB35264BCE956C161C /* CDVDevice.m */ = {isa = PBXFileReference; name = "CDVDevice.m"; path = "cordova-plugin-device/CDVDevice.m"; sourceTree = "<group>"; fileEncoding = 4; lastKnownFileType = sourcecode.c.objc; explicitFileType = undefined; includeInIndex = 0; };
		7DF571D2A1D8444D9508F626 /* CDVDevice.h */ = {isa = PBXFileReference; name = "CDVDevice.h"; path = "cordova-plugin-device/CDVDevice.h"; sourceTree = "<group>"; fileEncoding = 4; lastKnownFileType = sourcecode.c.h; explicitFileType = undefined; includeInIndex = 0; };
		344D806EF8FD46A2BFC9DA7A /* CDVLocation.m */ = {isa = PBXFileReference; name = "CDVLocation.m"; path = "cordova-plugin-geolocation/CDVLocation.m"; sourceTree = "<group>"; fileEncoding = 4; lastKnownFileType = sourcecode.c.objc; explicitFileType = undefined; includeInIndex = 0; };
		5767D55292C046F69A062142 /* CDVLocation.h */ = {isa = PBXFileReference; name = "CDVLocation.h"; path = "cordova-plugin-geolocation/CDVLocation.h"; sourceTree = "<group>"; fileEncoding = 4; lastKnownFileType = sourcecode.c.h; explicitFileType = undefined; includeInIndex = 0; };
		45A545A7594741168DFA3808 /* CoreLocation.framework */ = {isa = PBXFileReference; name = "CoreLocation.framework"; path = "System/Library/Frameworks/CoreLocation.framework"; sourceTree = SDKROOT; fileEncoding = undefined; lastKnownFileType = wrapper.framework; explicitFileType = undefined; includeInIndex = 0; };
		B9E58B2E27F5469EBEDEC83C /* CDVWKWebViewEngine.m */ = {isa = PBXFileReference; name = "CDVWKWebViewEngine.m"; path = "cordova-plugin-ionic-webview/CDVWKWebViewEngine.m"; sourceTree = "<group>"; fileEncoding = 4; lastKnownFileType = sourcecode.c.objc; explicitFileType = undefined; includeInIndex = 0; };
		B81E48C7CCE242DAB44454AA /* CDVWKWebViewUIDelegate.m */ = {isa = PBXFileReference; name = "CDVWKWebViewUIDelegate.m"; path = "cordova-plugin-ionic-webview/CDVWKWebViewUIDelegate.m"; sourceTree = "<group>"; fileEncoding = 4; lastKnownFileType = sourcecode.c.objc; explicitFileType = undefined; includeInIndex = 0; };
		8291EAA1E1D74357B9F72673 /* CDVWKProcessPoolFactory.m */ = {isa = PBXFileReference; name = "CDVWKProcessPoolFactory.m"; path = "cordova-plugin-ionic-webview/CDVWKProcessPoolFactory.m"; sourceTree = "<group>"; fileEncoding = 4; lastKnownFileType = sourcecode.c.objc; explicitFileType = undefined; includeInIndex = 0; };
		7FD9AA382709484485DAA549 /* GCDWebServer.m */ = {isa = PBXFileReference; name = "GCDWebServer.m"; path = "cordova-plugin-ionic-webview/GCDWebServer.m"; sourceTree = "<group>"; fileEncoding = 4; lastKnownFileType = sourcecode.c.objc; explicitFileType = undefined; includeInIndex = 0; };
		DCA3456961BA45658C8AA982 /* GCDWebServerConnection.m */ = {isa = PBXFileReference; name = "GCDWebServerConnection.m"; path = "cordova-plugin-ionic-webview/GCDWebServerConnection.m"; sourceTree = "<group>"; fileEncoding = 4; lastKnownFileType = sourcecode.c.objc; explicitFileType = undefined; includeInIndex = 0; };
		3FD76681C36949728C1CD2BF /* GCDWebServerFunctions.m */ = {isa = PBXFileReference; name = "GCDWebServerFunctions.m"; path = "cordova-plugin-ionic-webview/GCDWebServerFunctions.m"; sourceTree = "<group>"; fileEncoding = 4; lastKnownFileType = sourcecode.c.objc; explicitFileType = undefined; includeInIndex = 0; };
		DC4277C83C134860A9FB6E60 /* GCDWebServerRequest.m */ = {isa = PBXFileReference; name = "GCDWebServerRequest.m"; path = "cordova-plugin-ionic-webview/GCDWebServerRequest.m"; sourceTree = "<group>"; fileEncoding = 4; lastKnownFileType = sourcecode.c.objc; explicitFileType = undefined; includeInIndex = 0; };
		5D599D605E1C43F3991D075C /* GCDWebServerResponse.m */ = {isa = PBXFileReference; name = "GCDWebServerResponse.m"; path = "cordova-plugin-ionic-webview/GCDWebServerResponse.m"; sourceTree = "<group>"; fileEncoding = 4; lastKnownFileType = sourcecode.c.objc; explicitFileType = undefined; includeInIndex = 0; };
		F8CC427CDB74484AA039EA33 /* GCDWebServerDataRequest.m */ = {isa = PBXFileReference; name = "GCDWebServerDataRequest.m"; path = "cordova-plugin-ionic-webview/GCDWebServerDataRequest.m"; sourceTree = "<group>"; fileEncoding = 4; lastKnownFileType = sourcecode.c.objc; explicitFileType = undefined; includeInIndex = 0; };
		D3739EA9E8354DC582DB48E0 /* GCDWebServerFileRequest.m */ = {isa = PBXFileReference; name = "GCDWebServerFileRequest.m"; path = "cordova-plugin-ionic-webview/GCDWebServerFileRequest.m"; sourceTree = "<group>"; fileEncoding = 4; lastKnownFileType = sourcecode.c.objc; explicitFileType = undefined; includeInIndex = 0; };
		A559166C592B45E79697E575 /* GCDWebServerMultiPartFormRequest.m */ = {isa = PBXFileReference; name = "GCDWebServerMultiPartFormRequest.m"; path = "cordova-plugin-ionic-webview/GCDWebServerMultiPartFormRequest.m"; sourceTree = "<group>"; fileEncoding = 4; lastKnownFileType = sourcecode.c.objc; explicitFileType = undefined; includeInIndex = 0; };
		A5008A4A325E436BBB182448 /* GCDWebServerURLEncodedFormRequest.m */ = {isa = PBXFileReference; name = "GCDWebServerURLEncodedFormRequest.m"; path = "cordova-plugin-ionic-webview/GCDWebServerURLEncodedFormRequest.m"; sourceTree = "<group>"; fileEncoding = 4; lastKnownFileType = sourcecode.c.objc; explicitFileType = undefined; includeInIndex = 0; };
		B601BADB1E5B41BD9183B8C8 /* GCDWebServerDataResponse.m */ = {isa = PBXFileReference; name = "GCDWebServerDataResponse.m"; path = "cordova-plugin-ionic-webview/GCDWebServerDataResponse.m"; sourceTree = "<group>"; fileEncoding = 4; lastKnownFileType = sourcecode.c.objc; explicitFileType = undefined; includeInIndex = 0; };
		06E1FC0C7FD9498FB13BB11A /* GCDWebServerErrorResponse.m */ = {isa = PBXFileReference; name = "GCDWebServerErrorResponse.m"; path = "cordova-plugin-ionic-webview/GCDWebServerErrorResponse.m"; sourceTree = "<group>"; fileEncoding = 4; lastKnownFileType = sourcecode.c.objc; explicitFileType = undefined; includeInIndex = 0; };
		C0B7FE2019AD45D9821D1679 /* GCDWebServerFileResponse.m */ = {isa = PBXFileReference; name = "GCDWebServerFileResponse.m"; path = "cordova-plugin-ionic-webview/GCDWebServerFileResponse.m"; sourceTree = "<group>"; fileEncoding = 4; lastKnownFileType = sourcecode.c.objc; explicitFileType = undefined; includeInIndex = 0; };
		6EB44C7FA3E24CDBAAC520AC /* GCDWebServerStreamedResponse.m */ = {isa = PBXFileReference; name = "GCDWebServerStreamedResponse.m"; path = "cordova-plugin-ionic-webview/GCDWebServerStreamedResponse.m"; sourceTree = "<group>"; fileEncoding = 4; lastKnownFileType = sourcecode.c.objc; explicitFileType = undefined; includeInIndex = 0; };
		A9BDFE109C9442C28F6FDC22 /* CDVWKWebViewEngine.h */ = {isa = PBXFileReference; name = "CDVWKWebViewEngine.h"; path = "cordova-plugin-ionic-webview/CDVWKWebViewEngine.h"; sourceTree = "<group>"; fileEncoding = 4; lastKnownFileType = sourcecode.c.h; explicitFileType = undefined; includeInIndex = 0; };
		9FAEF74E11CA4F33951C2316 /* CDVWKWebViewUIDelegate.h */ = {isa = PBXFileReference; name = "CDVWKWebViewUIDelegate.h"; path = "cordova-plugin-ionic-webview/CDVWKWebViewUIDelegate.h"; sourceTree = "<group>"; fileEncoding = 4; lastKnownFileType = sourcecode.c.h; explicitFileType = undefined; includeInIndex = 0; };
		F0E9DD77BFEF464EB3F1282E /* CDVWKProcessPoolFactory.h */ = {isa = PBXFileReference; name = "CDVWKProcessPoolFactory.h"; path = "cordova-plugin-ionic-webview/CDVWKProcessPoolFactory.h"; sourceTree = "<group>"; fileEncoding = 4; lastKnownFileType = sourcecode.c.h; explicitFileType = undefined; includeInIndex = 0; };
		AC7DD2CDE637426B9053B2C7 /* GCDWebServer.h */ = {isa = PBXFileReference; name = "GCDWebServer.h"; path = "cordova-plugin-ionic-webview/GCDWebServer.h"; sourceTree = "<group>"; fileEncoding = 4; lastKnownFileType = sourcecode.c.h; explicitFileType = undefined; includeInIndex = 0; };
		A7917CE8C64C488EA8691585 /* GCDWebServerConnection.h */ = {isa = PBXFileReference; name = "GCDWebServerConnection.h"; path = "cordova-plugin-ionic-webview/GCDWebServerConnection.h"; sourceTree = "<group>"; fileEncoding = 4; lastKnownFileType = sourcecode.c.h; explicitFileType = undefined; includeInIndex = 0; };
		CB3266B48AF544D590939B57 /* GCDWebServerFunctions.h */ = {isa = PBXFileReference; name = "GCDWebServerFunctions.h"; path = "cordova-plugin-ionic-webview/GCDWebServerFunctions.h"; sourceTree = "<group>"; fileEncoding = 4; lastKnownFileType = sourcecode.c.h; explicitFileType = undefined; includeInIndex = 0; };
		6B34C9B6166646A1868FEF9D /* GCDWebServerHTTPStatusCodes.h */ = {isa = PBXFileReference; name = "GCDWebServerHTTPStatusCodes.h"; path = "cordova-plugin-ionic-webview/GCDWebServerHTTPStatusCodes.h"; sourceTree = "<group>"; fileEncoding = 4; lastKnownFileType = sourcecode.c.h; explicitFileType = undefined; includeInIndex = 0; };
		909FA5FCA39D4220AEC33DFF /* GCDWebServerPrivate.h */ = {isa = PBXFileReference; name = "GCDWebServerPrivate.h"; path = "cordova-plugin-ionic-webview/GCDWebServerPrivate.h"; sourceTree = "<group>"; fileEncoding = 4; lastKnownFileType = sourcecode.c.h; explicitFileType = undefined; includeInIndex = 0; };
		8337E91E6EA144B18D9C91F1 /* GCDWebServerRequest.h */ = {isa = PBXFileReference; name = "GCDWebServerRequest.h"; path = "cordova-plugin-ionic-webview/GCDWebServerRequest.h"; sourceTree = "<group>"; fileEncoding = 4; lastKnownFileType = sourcecode.c.h; explicitFileType = undefined; includeInIndex = 0; };
		092D07B08E8C4F96A060A393 /* GCDWebServerResponse.h */ = {isa = PBXFileReference; name = "GCDWebServerResponse.h"; path = "cordova-plugin-ionic-webview/GCDWebServerResponse.h"; sourceTree = "<group>"; fileEncoding = 4; lastKnownFileType = sourcecode.c.h; explicitFileType = undefined; includeInIndex = 0; };
		007DB868013B45FCAD9A90A7 /* GCDWebServerDataRequest.h */ = {isa = PBXFileReference; name = "GCDWebServerDataRequest.h"; path = "cordova-plugin-ionic-webview/GCDWebServerDataRequest.h"; sourceTree = "<group>"; fileEncoding = 4; lastKnownFileType = sourcecode.c.h; explicitFileType = undefined; includeInIndex = 0; };
		7883CF415FA64EC684183D4C /* GCDWebServerFileRequest.h */ = {isa = PBXFileReference; name = "GCDWebServerFileRequest.h"; path = "cordova-plugin-ionic-webview/GCDWebServerFileRequest.h"; sourceTree = "<group>"; fileEncoding = 4; lastKnownFileType = sourcecode.c.h; explicitFileType = undefined; includeInIndex = 0; };
		1D9461CDFEAF434DAE64137C /* GCDWebServerMultiPartFormRequest.h */ = {isa = PBXFileReference; name = "GCDWebServerMultiPartFormRequest.h"; path = "cordova-plugin-ionic-webview/GCDWebServerMultiPartFormRequest.h"; sourceTree = "<group>"; fileEncoding = 4; lastKnownFileType = sourcecode.c.h; explicitFileType = undefined; includeInIndex = 0; };
		2342D851606948D0ABEB7838 /* GCDWebServerURLEncodedFormRequest.h */ = {isa = PBXFileReference; name = "GCDWebServerURLEncodedFormRequest.h"; path = "cordova-plugin-ionic-webview/GCDWebServerURLEncodedFormRequest.h"; sourceTree = "<group>"; fileEncoding = 4; lastKnownFileType = sourcecode.c.h; explicitFileType = undefined; includeInIndex = 0; };
		AC2DA8F0AC9D48B6900B8E4F /* GCDWebServerDataResponse.h */ = {isa = PBXFileReference; name = "GCDWebServerDataResponse.h"; path = "cordova-plugin-ionic-webview/GCDWebServerDataResponse.h"; sourceTree = "<group>"; fileEncoding = 4; lastKnownFileType = sourcecode.c.h; explicitFileType = undefined; includeInIndex = 0; };
		2117AE7D81F1414783899974 /* GCDWebServerErrorResponse.h */ = {isa = PBXFileReference; name = "GCDWebServerErrorResponse.h"; path = "cordova-plugin-ionic-webview/GCDWebServerErrorResponse.h"; sourceTree = "<group>"; fileEncoding = 4; lastKnownFileType = sourcecode.c.h; explicitFileType = undefined; includeInIndex = 0; };
		3C0DDC9CD393412ABF0C417F /* GCDWebServerFileResponse.h */ = {isa = PBXFileReference; name = "GCDWebServerFileResponse.h"; path = "cordova-plugin-ionic-webview/GCDWebServerFileResponse.h"; sourceTree = "<group>"; fileEncoding = 4; lastKnownFileType = sourcecode.c.h; explicitFileType = undefined; includeInIndex = 0; };
		2EB36661DF8E472C87D16C8B /* GCDWebServerStreamedResponse.h */ = {isa = PBXFileReference; name = "GCDWebServerStreamedResponse.h"; path = "cordova-plugin-ionic-webview/GCDWebServerStreamedResponse.h"; sourceTree = "<group>"; fileEncoding = 4; lastKnownFileType = sourcecode.c.h; explicitFileType = undefined; includeInIndex = 0; };
		9B3F72CCF17D4797B4EC0F2B /* WebKit.framework */ = {isa = PBXFileReference; name = "WebKit.framework"; path = "System/Library/Frameworks/WebKit.framework"; sourceTree = SDKROOT; fileEncoding = undefined; lastKnownFileType = wrapper.framework; explicitFileType = undefined; includeInIndex = 0; };
		A27B06C2C2A64FD59E1373C3 /* libz.tbd */ = {isa = PBXFileReference; name = "libz.tbd"; path = "usr/lib/libz.tbd"; sourceTree = SDKROOT; fileEncoding = undefined; lastKnownFileType = sourcecode.text-based-dylib-definition; explicitFileType = undefined; includeInIndex = 0; };
		87A8C2F5E16940598089D778 /* CDVConnection.m */ = {isa = PBXFileReference; name = "CDVConnection.m"; path = "cordova-plugin-network-information/CDVConnection.m"; sourceTree = "<group>"; fileEncoding = 4; lastKnownFileType = sourcecode.c.objc; explicitFileType = undefined; includeInIndex = 0; };
		4B0EE791DFF64A2BA426BFEB /* CDVReachability.m */ = {isa = PBXFileReference; name = "CDVReachability.m"; path = "cordova-plugin-network-information/CDVReachability.m"; sourceTree = "<group>"; fileEncoding = 4; lastKnownFileType = sourcecode.c.objc; explicitFileType = undefined; includeInIndex = 0; };
		CE7D098D4A364891B8364B81 /* CDVConnection.h */ = {isa = PBXFileReference; name = "CDVConnection.h"; path = "cordova-plugin-network-information/CDVConnection.h"; sourceTree = "<group>"; fileEncoding = 4; lastKnownFileType = sourcecode.c.h; explicitFileType = undefined; includeInIndex = 0; };
		4E92A77CF4E540F89F11BEDE /* CDVReachability.h */ = {isa = PBXFileReference; name = "CDVReachability.h"; path = "cordova-plugin-network-information/CDVReachability.h"; sourceTree = "<group>"; fileEncoding = 4; lastKnownFileType = sourcecode.c.h; explicitFileType = undefined; includeInIndex = 0; };
		847847FB2FA74FF98433F705 /* SystemConfiguration.framework */ = {isa = PBXFileReference; name = "SystemConfiguration.framework"; path = "System/Library/Frameworks/SystemConfiguration.framework"; sourceTree = SDKROOT; fileEncoding = undefined; lastKnownFileType = wrapper.framework; explicitFileType = undefined; includeInIndex = 0; };
		21BC637C5EA84826A3EA31E9 /* CoreTelephony.framework */ = {isa = PBXFileReference; name = "CoreTelephony.framework"; path = "System/Library/Frameworks/CoreTelephony.framework"; sourceTree = SDKROOT; fileEncoding = undefined; lastKnownFileType = wrapper.framework; explicitFileType = undefined; includeInIndex = 0; };
		F24850C3F7BF4E189730FE77 /* CDVSplashScreen.m */ = {isa = PBXFileReference; name = "CDVSplashScreen.m"; path = "cordova-plugin-splashscreen/CDVSplashScreen.m"; sourceTree = "<group>"; fileEncoding = 4; lastKnownFileType = sourcecode.c.objc; explicitFileType = undefined; includeInIndex = 0; };
		5688968E1FEE42728D4C4429 /* CDVViewController+SplashScreen.m */ = {isa = PBXFileReference; name = "CDVViewController+SplashScreen.m"; path = "cordova-plugin-splashscreen/CDVViewController+SplashScreen.m"; sourceTree = "<group>"; fileEncoding = 4; lastKnownFileType = sourcecode.c.objc; explicitFileType = undefined; includeInIndex = 0; };
		C5F6E25E744549D795B9D925 /* CDVSplashScreen.h */ = {isa = PBXFileReference; name = "CDVSplashScreen.h"; path = "cordova-plugin-splashscreen/CDVSplashScreen.h"; sourceTree = "<group>"; fileEncoding = 4; lastKnownFileType = sourcecode.c.h; explicitFileType = undefined; includeInIndex = 0; };
		DE10E4C21DF34492BDD6911B /* CDVViewController+SplashScreen.h */ = {isa = PBXFileReference; name = "CDVViewController+SplashScreen.h"; path = "cordova-plugin-splashscreen/CDVViewController+SplashScreen.h"; sourceTree = "<group>"; fileEncoding = 4; lastKnownFileType = sourcecode.c.h; explicitFileType = undefined; includeInIndex = 0; };
		960BAB6FB2344BB8A55F926A /* IonicKeyboard.m */ = {isa = PBXFileReference; name = "IonicKeyboard.m"; path = "ionic-plugin-keyboard/IonicKeyboard.m"; sourceTree = "<group>"; fileEncoding = 4; lastKnownFileType = sourcecode.c.objc; explicitFileType = undefined; includeInIndex = 0; };
		7D4AC42A8C9C46B4B8892E92 /* IonicKeyboard.h */ = {isa = PBXFileReference; name = "IonicKeyboard.h"; path = "ionic-plugin-keyboard/IonicKeyboard.h"; sourceTree = "<group>"; fileEncoding = 4; lastKnownFileType = sourcecode.c.h; explicitFileType = undefined; includeInIndex = 0; };
		B264F0A69B0042EFA94F42EF /* SOSPicker.m */ = {isa = PBXFileReference; name = "SOSPicker.m"; path = "com.synconset.imagepicker/SOSPicker.m"; sourceTree = "<group>"; fileEncoding = 4; lastKnownFileType = sourcecode.c.objc; explicitFileType = undefined; includeInIndex = 0; };
		1896E976D0164C34B216DD04 /* UIImage+fixOrientation.m */ = {isa = PBXFileReference; name = "UIImage+fixOrientation.m"; path = "com.synconset.imagepicker/UIImage+fixOrientation.m"; sourceTree = "<group>"; fileEncoding = 4; lastKnownFileType = sourcecode.c.objc; explicitFileType = undefined; includeInIndex = 0; };
		5453A895FF8A4FB6B7E727C5 /* GMAlbumsViewCell.m */ = {isa = PBXFileReference; name = "GMAlbumsViewCell.m"; path = "com.synconset.imagepicker/GMAlbumsViewCell.m"; sourceTree = "<group>"; fileEncoding = 4; lastKnownFileType = sourcecode.c.objc; explicitFileType = undefined; includeInIndex = 0; };
		8CBFA4F8B1784203B53AB1F9 /* GMAlbumsViewController.m */ = {isa = PBXFileReference; name = "GMAlbumsViewController.m"; path = "com.synconset.imagepicker/GMAlbumsViewController.m"; sourceTree = "<group>"; fileEncoding = 4; lastKnownFileType = sourcecode.c.objc; explicitFileType = undefined; includeInIndex = 0; };
		5C963E122C994779B321C60D /* GMFetchItem.m */ = {isa = PBXFileReference; name = "GMFetchItem.m"; path = "com.synconset.imagepicker/GMFetchItem.m"; sourceTree = "<group>"; fileEncoding = 4; lastKnownFileType = sourcecode.c.objc; explicitFileType = undefined; includeInIndex = 0; };
		9891CC8A098549B3B72C360F /* GMGridViewCell.m */ = {isa = PBXFileReference; name = "GMGridViewCell.m"; path = "com.synconset.imagepicker/GMGridViewCell.m"; sourceTree = "<group>"; fileEncoding = 4; lastKnownFileType = sourcecode.c.objc; explicitFileType = undefined; includeInIndex = 0; };
		C531E4B53F03493EBAFF65D2 /* GMGridViewController.m */ = {isa = PBXFileReference; name = "GMGridViewController.m"; path = "com.synconset.imagepicker/GMGridViewController.m"; sourceTree = "<group>"; fileEncoding = 4; lastKnownFileType = sourcecode.c.objc; explicitFileType = undefined; includeInIndex = 0; };
		D8B0A9A9507042F98CE72C32 /* GMImagePickerController.m */ = {isa = PBXFileReference; name = "GMImagePickerController.m"; path = "com.synconset.imagepicker/GMImagePickerController.m"; sourceTree = "<group>"; fileEncoding = 4; lastKnownFileType = sourcecode.c.objc; explicitFileType = undefined; includeInIndex = 0; };
		0818290FE04D46B890B10DBF /* PSYBlockTimer.m */ = {isa = PBXFileReference; name = "PSYBlockTimer.m"; path = "com.synconset.imagepicker/PSYBlockTimer.m"; sourceTree = "<group>"; fileEncoding = 4; lastKnownFileType = sourcecode.c.objc; explicitFileType = undefined; includeInIndex = 0; };
		7FCAFC147A2F4AB28BF53507 /* GMPHAsset.m */ = {isa = PBXFileReference; name = "GMPHAsset.m"; path = "com.synconset.imagepicker/GMPHAsset.m"; sourceTree = "<group>"; fileEncoding = 4; lastKnownFileType = sourcecode.c.objc; explicitFileType = undefined; includeInIndex = 0; };
		538ED9B75862458AA12446E6 /* SOSPicker.h */ = {isa = PBXFileReference; name = "SOSPicker.h"; path = "com.synconset.imagepicker/SOSPicker.h"; sourceTree = "<group>"; fileEncoding = 4; lastKnownFileType = sourcecode.c.h; explicitFileType = undefined; includeInIndex = 0; };
		3A8968B804EF4B0BB799A47E /* UIImage+fixOrientation.h */ = {isa = PBXFileReference; name = "UIImage+fixOrientation.h"; path = "com.synconset.imagepicker/UIImage+fixOrientation.h"; sourceTree = "<group>"; fileEncoding = 4; lastKnownFileType = sourcecode.c.h; explicitFileType = undefined; includeInIndex = 0; };
		CF392BB12F304FF6B6248587 /* GMAlbumsViewCell.h */ = {isa = PBXFileReference; name = "GMAlbumsViewCell.h"; path = "com.synconset.imagepicker/GMAlbumsViewCell.h"; sourceTree = "<group>"; fileEncoding = 4; lastKnownFileType = sourcecode.c.h; explicitFileType = undefined; includeInIndex = 0; };
		37662AFC4A0F44DBA15F7117 /* GMAlbumsViewController.h */ = {isa = PBXFileReference; name = "GMAlbumsViewController.h"; path = "com.synconset.imagepicker/GMAlbumsViewController.h"; sourceTree = "<group>"; fileEncoding = 4; lastKnownFileType = sourcecode.c.h; explicitFileType = undefined; includeInIndex = 0; };
		46E0FE76277741D6B5DD44C7 /* GMFetchItem.h */ = {isa = PBXFileReference; name = "GMFetchItem.h"; path = "com.synconset.imagepicker/GMFetchItem.h"; sourceTree = "<group>"; fileEncoding = 4; lastKnownFileType = sourcecode.c.h; explicitFileType = undefined; includeInIndex = 0; };
		A13A9ACFC34649D5ADA03D77 /* GMGridViewCell.h */ = {isa = PBXFileReference; name = "GMGridViewCell.h"; path = "com.synconset.imagepicker/GMGridViewCell.h"; sourceTree = "<group>"; fileEncoding = 4; lastKnownFileType = sourcecode.c.h; explicitFileType = undefined; includeInIndex = 0; };
		5E7C8B4834DF460D87609314 /* GMGridViewController.h */ = {isa = PBXFileReference; name = "GMGridViewController.h"; path = "com.synconset.imagepicker/GMGridViewController.h"; sourceTree = "<group>"; fileEncoding = 4; lastKnownFileType = sourcecode.c.h; explicitFileType = undefined; includeInIndex = 0; };
		7DEE3DA6E32C4919ABAD38C1 /* GMImagePickerController.h */ = {isa = PBXFileReference; name = "GMImagePickerController.h"; path = "com.synconset.imagepicker/GMImagePickerController.h"; sourceTree = "<group>"; fileEncoding = 4; lastKnownFileType = sourcecode.c.h; explicitFileType = undefined; includeInIndex = 0; };
		348439DA9D33464DA61E30B7 /* PSYBlockTimer.h */ = {isa = PBXFileReference; name = "PSYBlockTimer.h"; path = "com.synconset.imagepicker/PSYBlockTimer.h"; sourceTree = "<group>"; fileEncoding = 4; lastKnownFileType = sourcecode.c.h; explicitFileType = undefined; includeInIndex = 0; };
		05B13E9B9A3342FF88C2DF2D /* GMPHAsset.h */ = {isa = PBXFileReference; name = "GMPHAsset.h"; path = "com.synconset.imagepicker/GMPHAsset.h"; sourceTree = "<group>"; fileEncoding = 4; lastKnownFileType = sourcecode.c.h; explicitFileType = undefined; includeInIndex = 0; };
		9F60FAB06C914CE280B91A7F /* GMEmptyFolder@1x.png */ = {isa = PBXFileReference; name = "GMEmptyFolder@1x.png"; path = "GMEmptyFolder@1x.png"; sourceTree = "<group>"; fileEncoding = undefined; lastKnownFileType = unknown; explicitFileType = undefined; includeInIndex = 0; };
		186051C2565741D1807D827A /* GMEmptyFolder@2x.png */ = {isa = PBXFileReference; name = "GMEmptyFolder@2x.png"; path = "GMEmptyFolder@2x.png"; sourceTree = "<group>"; fileEncoding = undefined; lastKnownFileType = unknown; explicitFileType = undefined; includeInIndex = 0; };
		4B5F771591C0495BAE65144B /* GMSelected.png */ = {isa = PBXFileReference; name = "GMSelected.png"; path = "GMSelected.png"; sourceTree = "<group>"; fileEncoding = undefined; lastKnownFileType = unknown; explicitFileType = undefined; includeInIndex = 0; };
		647651FAA39949639BB78E35 /* GMSelected@2x.png */ = {isa = PBXFileReference; name = "GMSelected@2x.png"; path = "GMSelected@2x.png"; sourceTree = "<group>"; fileEncoding = undefined; lastKnownFileType = unknown; explicitFileType = undefined; includeInIndex = 0; };
		B3519BFFFFC74980977C333C /* GMVideoIcon.png */ = {isa = PBXFileReference; name = "GMVideoIcon.png"; path = "GMVideoIcon.png"; sourceTree = "<group>"; fileEncoding = undefined; lastKnownFileType = unknown; explicitFileType = undefined; includeInIndex = 0; };
		4C0122DC41EE48D19B5AAE33 /* GMVideoIcon@2x.png */ = {isa = PBXFileReference; name = "GMVideoIcon@2x.png"; path = "GMVideoIcon@2x.png"; sourceTree = "<group>"; fileEncoding = undefined; lastKnownFileType = unknown; explicitFileType = undefined; includeInIndex = 0; };
		72AE2885FA1148338FC4D1D9 /* ca.lproj */ = {isa = PBXFileReference; name = "ca.lproj"; path = "ca.lproj"; sourceTree = "<group>"; fileEncoding = undefined; lastKnownFileType = unknown; explicitFileType = undefined; includeInIndex = 0; };
		70C018F158F84EB198CAA20B /* de.lproj */ = {isa = PBXFileReference; name = "de.lproj"; path = "de.lproj"; sourceTree = "<group>"; fileEncoding = undefined; lastKnownFileType = unknown; explicitFileType = undefined; includeInIndex = 0; };
		14ADF6829D574E2E96D0AFE2 /* en.lproj */ = {isa = PBXFileReference; name = "en.lproj"; path = "en.lproj"; sourceTree = "<group>"; fileEncoding = undefined; lastKnownFileType = unknown; explicitFileType = undefined; includeInIndex = 0; };
		08A5EC97448A4E739FE54CCB /* es.lproj */ = {isa = PBXFileReference; name = "es.lproj"; path = "es.lproj"; sourceTree = "<group>"; fileEncoding = undefined; lastKnownFileType = unknown; explicitFileType = undefined; includeInIndex = 0; };
		25B3DB3BA4F84384ACBE2AFB /* fr.lproj */ = {isa = PBXFileReference; name = "fr.lproj"; path = "fr.lproj"; sourceTree = "<group>"; fileEncoding = undefined; lastKnownFileType = unknown; explicitFileType = undefined; includeInIndex = 0; };
		2282BEDF6A534D6DA6EA5B92 /* it.lproj */ = {isa = PBXFileReference; name = "it.lproj"; path = "it.lproj"; sourceTree = "<group>"; fileEncoding = undefined; lastKnownFileType = unknown; explicitFileType = undefined; includeInIndex = 0; };
		C2EB364F3A314072A25A0D49 /* pt.lproj */ = {isa = PBXFileReference; name = "pt.lproj"; path = "pt.lproj"; sourceTree = "<group>"; fileEncoding = undefined; lastKnownFileType = unknown; explicitFileType = undefined; includeInIndex = 0; };
		56E141B221FD4BFCB9ACE445 /* Accelerate.framework */ = {isa = PBXFileReference; name = "Accelerate.framework"; path = "System/Library/Frameworks/Accelerate.framework"; sourceTree = SDKROOT; fileEncoding = undefined; lastKnownFileType = wrapper.framework; explicitFileType = undefined; includeInIndex = 0; };
		60188AA5F8A045709EF0FC20 /* Security.framework */ = {isa = PBXFileReference; name = "Security.framework"; path = "System/Library/Frameworks/Security.framework"; sourceTree = SDKROOT; fileEncoding = undefined; lastKnownFileType = wrapper.framework; explicitFileType = undefined; includeInIndex = 0; };
		CF7D5E8646504E1CB11BB48C /* Photos.framework */ = {isa = PBXFileReference; name = "Photos.framework"; path = "System/Library/Frameworks/Photos.framework"; sourceTree = SDKROOT; fileEncoding = undefined; lastKnownFileType = wrapper.framework; explicitFileType = undefined; includeInIndex = 0; };
		EA37E35B17BC4125B3DC7C38 /* QuartzCore.framework */ = {isa = PBXFileReference; name = "QuartzCore.framework"; path = "System/Library/Frameworks/QuartzCore.framework"; sourceTree = SDKROOT; fileEncoding = undefined; lastKnownFileType = wrapper.framework; explicitFileType = undefined; includeInIndex = 0; };
		80366EDE02AD41EABC83B39A /* AppDelegate+notification.m */ = {isa = PBXFileReference; name = "AppDelegate+notification.m"; path = "phonegap-plugin-push/AppDelegate+notification.m"; sourceTree = "<group>"; fileEncoding = 4; lastKnownFileType = sourcecode.c.objc; explicitFileType = undefined; includeInIndex = 0; };
		01D8193D55C4419482A2D4A1 /* PushPlugin.m */ = {isa = PBXFileReference; name = "PushPlugin.m"; path = "phonegap-plugin-push/PushPlugin.m"; sourceTree = "<group>"; fileEncoding = 4; lastKnownFileType = sourcecode.c.objc; explicitFileType = undefined; includeInIndex = 0; };
		082DD75ACA5D4C68A199C585 /* AppDelegate+notification.h */ = {isa = PBXFileReference; name = "AppDelegate+notification.h"; path = "phonegap-plugin-push/AppDelegate+notification.h"; sourceTree = "<group>"; fileEncoding = 4; lastKnownFileType = sourcecode.c.h; explicitFileType = undefined; includeInIndex = 0; };
		C68DB9FB94B4462F9CB72A9F /* PushPlugin.h */ = {isa = PBXFileReference; name = "PushPlugin.h"; path = "phonegap-plugin-push/PushPlugin.h"; sourceTree = "<group>"; fileEncoding = 4; lastKnownFileType = sourcecode.c.h; explicitFileType = undefined; includeInIndex = 0; };
/* End PBXFileReference section */

/* Begin PBXFrameworksBuildPhase section */
		1D60588F0D05DD3D006BFB54 /* Frameworks */ = {
			isa = PBXFrameworksBuildPhase;
			buildActionMask = 2147483647;
			files = (
				301BF552109A68D80062928A /* libCordova.a in Frameworks */,
				0FB7C7A2301C4E2DA7FBC19C /* CoreLocation.framework in Frameworks */,
				4145CAB4882A412D97F39621 /* WebKit.framework in Frameworks */,
				CB056DA3EE284AC1B41FEBDE /* libz.tbd in Frameworks */,
				8CFCE9C7A80946DA9747DCCF /* SystemConfiguration.framework in Frameworks */,
				26A889AB6C44489EAAD480D0 /* CoreTelephony.framework in Frameworks */,
				C02F30BBFEF3421B84749EA2 /* Accelerate.framework in Frameworks */,
				7DAD08664A3443AF9D9636BE /* Security.framework in Frameworks */,
				78DD9060C1AA4482B2FD5F4E /* Photos.framework in Frameworks */,
				155745D5EB264C348A3AF01B /* QuartzCore.framework in Frameworks */,
			);
			runOnlyForDeploymentPostprocessing = 0;
		};
/* End PBXFrameworksBuildPhase section */

/* Begin PBXGroup section */
		080E96DDFE201D6D7F000001 /* Classes */ = {
			isa = PBXGroup;
			children = (
				302D95EE14D2391D003F00A1 /* MainViewController.h */,
				302D95EF14D2391D003F00A1 /* MainViewController.m */,
				302D95F014D2391D003F00A1 /* MainViewController.xib */,
				1D3623240D0F684500981E51 /* AppDelegate.h */,
				1D3623250D0F684500981E51 /* AppDelegate.m */,
			);
			name = Classes;
			path = "ozalentour/Classes";
			sourceTree = SOURCE_ROOT;
		};
		19C28FACFE9D520D11CA2CBB /* Products */ = {
			isa = PBXGroup;
			children = (
				1D6058910D05DD3D006BFB54 /* ozalentour.app */,
			);
			name = Products;
			sourceTree = "<group>";
		};
		29B97314FDCFA39411CA2CEA /* CustomTemplate */ = {
			isa = PBXGroup;
			children = (
				EB87FDF41871DAF40020F90C /* config.xml */,
				EB87FDF31871DA8E0020F90C /* www */,
				EB87FDF11871DA420020F90C /* Staging */,
				301BF52D109A57CC0062928A /* CordovaLib.xcodeproj */,
				080E96DDFE201D6D7F000001 /* Classes */,
				307C750510C5A3420062BCA9 /* Plugins */,
				29B97315FDCFA39411CA2CEA /* Other Sources */,
				29B97317FDCFA39411CA2CEA /* Resources */,
				29B97323FDCFA39411CA2CEA /* Frameworks */,
				19C28FACFE9D520D11CA2CBB /* Products */,
			);
			name = CustomTemplate;
			sourceTree = "<group>";
		};
		29B97315FDCFA39411CA2CEA /* Other Sources */ = {
			isa = PBXGroup;
			children = (
				32CA4F630368D1EE00C91783 /* ozalentour-Prefix.pch */,
				29B97316FDCFA39411CA2CEA /* main.m */,
				ED33DF2A687741AEAF9F8254 /* Bridging-Header.h */,
			);
			name = "Other Sources";
			path = "ozalentour";
			sourceTree = "<group>";
		};
		29B97317FDCFA39411CA2CEA /* Resources */ = {
			isa = PBXGroup;
			children = (
				0207DA571B56EA530066E2B4 /* Images.xcassets */,
				3047A50E1AB8057F00498E2A /* config */,
				8D1107310486CEB800E47090 /* ozalentour-Info.plist */,
				6AFF5BF81D6E424B00AB3073 /* CDVLaunchScreen.storyboard */,
				9F60FAB06C914CE280B91A7F /* GMEmptyFolder@1x.png */,
				186051C2565741D1807D827A /* GMEmptyFolder@2x.png */,
				4B5F771591C0495BAE65144B /* GMSelected.png */,
				647651FAA39949639BB78E35 /* GMSelected@2x.png */,
				B3519BFFFFC74980977C333C /* GMVideoIcon.png */,
				4C0122DC41EE48D19B5AAE33 /* GMVideoIcon@2x.png */,
				72AE2885FA1148338FC4D1D9 /* ca.lproj */,
				70C018F158F84EB198CAA20B /* de.lproj */,
				14ADF6829D574E2E96D0AFE2 /* en.lproj */,
				08A5EC97448A4E739FE54CCB /* es.lproj */,
				25B3DB3BA4F84384ACBE2AFB /* fr.lproj */,
				2282BEDF6A534D6DA6EA5B92 /* it.lproj */,
				C2EB364F3A314072A25A0D49 /* pt.lproj */,
			);
			name = Resources;
			path = "ozalentour/Resources";
			sourceTree = "<group>";
		};
		29B97323FDCFA39411CA2CEA /* Frameworks */ = {
			isa = PBXGroup;
			children = (
				45A545A7594741168DFA3808 /* CoreLocation.framework */,
				9B3F72CCF17D4797B4EC0F2B /* WebKit.framework */,
				A27B06C2C2A64FD59E1373C3 /* libz.tbd */,
				847847FB2FA74FF98433F705 /* SystemConfiguration.framework */,
				21BC637C5EA84826A3EA31E9 /* CoreTelephony.framework */,
				56E141B221FD4BFCB9ACE445 /* Accelerate.framework */,
				60188AA5F8A045709EF0FC20 /* Security.framework */,
				CF7D5E8646504E1CB11BB48C /* Photos.framework */,
				EA37E35B17BC4125B3DC7C38 /* QuartzCore.framework */,
			);
			name = Frameworks;
			sourceTree = "<group>";
		};
		301BF52E109A57CC0062928A /* Products */ = {
			isa = PBXGroup;
			children = (
				301BF535109A57CC0062928A /* libCordova.a */,
			);
			name = Products;
			sourceTree = "<group>";
		};
		3047A50E1AB8057F00498E2A /* config */ = {
			isa = PBXGroup;
			children = (
				3047A50F1AB8059700498E2A /* build-debug.xcconfig */,
				3047A5101AB8059700498E2A /* build-release.xcconfig */,
				3047A5111AB8059700498E2A /* build.xcconfig */,
			);
			name = config;
			sourceTree = "<group>";
		};
		307C750510C5A3420062BCA9 /* Plugins */ = {
			isa = PBXGroup;
			children = (
				1AA966AB35264BCE956C161C /* CDVDevice.m */,
				7DF571D2A1D8444D9508F626 /* CDVDevice.h */,
				344D806EF8FD46A2BFC9DA7A /* CDVLocation.m */,
				5767D55292C046F69A062142 /* CDVLocation.h */,
				B9E58B2E27F5469EBEDEC83C /* CDVWKWebViewEngine.m */,
				B81E48C7CCE242DAB44454AA /* CDVWKWebViewUIDelegate.m */,
				8291EAA1E1D74357B9F72673 /* CDVWKProcessPoolFactory.m */,
				7FD9AA382709484485DAA549 /* GCDWebServer.m */,
				DCA3456961BA45658C8AA982 /* GCDWebServerConnection.m */,
				3FD76681C36949728C1CD2BF /* GCDWebServerFunctions.m */,
				DC4277C83C134860A9FB6E60 /* GCDWebServerRequest.m */,
				5D599D605E1C43F3991D075C /* GCDWebServerResponse.m */,
				F8CC427CDB74484AA039EA33 /* GCDWebServerDataRequest.m */,
				D3739EA9E8354DC582DB48E0 /* GCDWebServerFileRequest.m */,
				A559166C592B45E79697E575 /* GCDWebServerMultiPartFormRequest.m */,
				A5008A4A325E436BBB182448 /* GCDWebServerURLEncodedFormRequest.m */,
				B601BADB1E5B41BD9183B8C8 /* GCDWebServerDataResponse.m */,
				06E1FC0C7FD9498FB13BB11A /* GCDWebServerErrorResponse.m */,
				C0B7FE2019AD45D9821D1679 /* GCDWebServerFileResponse.m */,
				6EB44C7FA3E24CDBAAC520AC /* GCDWebServerStreamedResponse.m */,
				A9BDFE109C9442C28F6FDC22 /* CDVWKWebViewEngine.h */,
				9FAEF74E11CA4F33951C2316 /* CDVWKWebViewUIDelegate.h */,
				F0E9DD77BFEF464EB3F1282E /* CDVWKProcessPoolFactory.h */,
				AC7DD2CDE637426B9053B2C7 /* GCDWebServer.h */,
				A7917CE8C64C488EA8691585 /* GCDWebServerConnection.h */,
				CB3266B48AF544D590939B57 /* GCDWebServerFunctions.h */,
				6B34C9B6166646A1868FEF9D /* GCDWebServerHTTPStatusCodes.h */,
				909FA5FCA39D4220AEC33DFF /* GCDWebServerPrivate.h */,
				8337E91E6EA144B18D9C91F1 /* GCDWebServerRequest.h */,
				092D07B08E8C4F96A060A393 /* GCDWebServerResponse.h */,
				007DB868013B45FCAD9A90A7 /* GCDWebServerDataRequest.h */,
				7883CF415FA64EC684183D4C /* GCDWebServerFileRequest.h */,
				1D9461CDFEAF434DAE64137C /* GCDWebServerMultiPartFormRequest.h */,
				2342D851606948D0ABEB7838 /* GCDWebServerURLEncodedFormRequest.h */,
				AC2DA8F0AC9D48B6900B8E4F /* GCDWebServerDataResponse.h */,
				2117AE7D81F1414783899974 /* GCDWebServerErrorResponse.h */,
				3C0DDC9CD393412ABF0C417F /* GCDWebServerFileResponse.h */,
				2EB36661DF8E472C87D16C8B /* GCDWebServerStreamedResponse.h */,
				87A8C2F5E16940598089D778 /* CDVConnection.m */,
				4B0EE791DFF64A2BA426BFEB /* CDVReachability.m */,
				CE7D098D4A364891B8364B81 /* CDVConnection.h */,
				4E92A77CF4E540F89F11BEDE /* CDVReachability.h */,
				F24850C3F7BF4E189730FE77 /* CDVSplashScreen.m */,
				5688968E1FEE42728D4C4429 /* CDVViewController+SplashScreen.m */,
				C5F6E25E744549D795B9D925 /* CDVSplashScreen.h */,
				DE10E4C21DF34492BDD6911B /* CDVViewController+SplashScreen.h */,
				960BAB6FB2344BB8A55F926A /* IonicKeyboard.m */,
				7D4AC42A8C9C46B4B8892E92 /* IonicKeyboard.h */,
				B264F0A69B0042EFA94F42EF /* SOSPicker.m */,
				1896E976D0164C34B216DD04 /* UIImage+fixOrientation.m */,
				5453A895FF8A4FB6B7E727C5 /* GMAlbumsViewCell.m */,
				8CBFA4F8B1784203B53AB1F9 /* GMAlbumsViewController.m */,
				5C963E122C994779B321C60D /* GMFetchItem.m */,
				9891CC8A098549B3B72C360F /* GMGridViewCell.m */,
				C531E4B53F03493EBAFF65D2 /* GMGridViewController.m */,
				D8B0A9A9507042F98CE72C32 /* GMImagePickerController.m */,
				0818290FE04D46B890B10DBF /* PSYBlockTimer.m */,
				7FCAFC147A2F4AB28BF53507 /* GMPHAsset.m */,
				538ED9B75862458AA12446E6 /* SOSPicker.h */,
				3A8968B804EF4B0BB799A47E /* UIImage+fixOrientation.h */,
				CF392BB12F304FF6B6248587 /* GMAlbumsViewCell.h */,
				37662AFC4A0F44DBA15F7117 /* GMAlbumsViewController.h */,
				46E0FE76277741D6B5DD44C7 /* GMFetchItem.h */,
				A13A9ACFC34649D5ADA03D77 /* GMGridViewCell.h */,
				5E7C8B4834DF460D87609314 /* GMGridViewController.h */,
				7DEE3DA6E32C4919ABAD38C1 /* GMImagePickerController.h */,
				348439DA9D33464DA61E30B7 /* PSYBlockTimer.h */,
				05B13E9B9A3342FF88C2DF2D /* GMPHAsset.h */,
				80366EDE02AD41EABC83B39A /* AppDelegate+notification.m */,
				01D8193D55C4419482A2D4A1 /* PushPlugin.m */,
				082DD75ACA5D4C68A199C585 /* AppDelegate+notification.h */,
				C68DB9FB94B4462F9CB72A9F /* PushPlugin.h */,
			);
			name = Plugins;
			path = "ozalentour/Plugins";
			sourceTree = SOURCE_ROOT;
		};
		EB87FDF11871DA420020F90C /* Staging */ = {
			isa = PBXGroup;
			children = (
				F840E1F0165FE0F500CFE078 /* config.xml */,
				301BF56E109A69640062928A /* www */,
			);
			name = Staging;
			sourceTree = "<group>";
		};
/* End PBXGroup section */

/* Begin PBXNativeTarget section */
		1D6058900D05DD3D006BFB54 /* ozalentour */ = {
			isa = PBXNativeTarget;
			buildConfigurationList = 1D6058960D05DD3E006BFB54 /* Build configuration list for PBXNativeTarget "ozalentour" */;
			buildPhases = (
				304B58A110DAC018002A0835 /* Copy www directory */,
				1D60588D0D05DD3D006BFB54 /* Resources */,
				1D60588E0D05DD3D006BFB54 /* Sources */,
				1D60588F0D05DD3D006BFB54 /* Frameworks */,
			);
			buildRules = (
			);
			dependencies = (
				301BF551109A68C00062928A /* PBXTargetDependency */,
			);
			name = "ozalentour";
			productName = "ozalentour";
			productReference = 1D6058910D05DD3D006BFB54 /* ozalentour.app */;
			productType = "com.apple.product-type.application";
		};
/* End PBXNativeTarget section */

/* Begin PBXProject section */
		29B97313FDCFA39411CA2CEA /* Project object */ = {
			isa = PBXProject;
			attributes = {
				LastUpgradeCheck = 510;
			};
			buildConfigurationList = C01FCF4E08A954540054247B /* Build configuration list for PBXProject "__NON-CLI__" */;
			compatibilityVersion = "Xcode 3.2";
			developmentRegion = English;
			hasScannedForEncodings = 1;
			mainGroup = 29B97314FDCFA39411CA2CEA /* CustomTemplate */;
			projectDirPath = "";
			projectReferences = (
				{
					ProductGroup = 301BF52E109A57CC0062928A /* Products */;
					ProjectRef = 301BF52D109A57CC0062928A /* CordovaLib.xcodeproj */;
				},
			);
			projectRoot = "";
			targets = (
				1D6058900D05DD3D006BFB54 /* ozalentour */,
			);
		};
/* End PBXProject section */

/* Begin PBXReferenceProxy section */
		301BF535109A57CC0062928A /* libCordova.a */ = {
			isa = PBXReferenceProxy;
			fileType = archive.ar;
			path = libCordova.a;
			remoteRef = 301BF534109A57CC0062928A /* PBXContainerItemProxy */;
			sourceTree = BUILT_PRODUCTS_DIR;
		};
/* End PBXReferenceProxy section */

/* Begin PBXResourcesBuildPhase section */
		1D60588D0D05DD3D006BFB54 /* Resources */ = {
			isa = PBXResourcesBuildPhase;
			buildActionMask = 2147483647;
			files = (
				302D95F214D2391D003F00A1 /* MainViewController.xib in Resources */,
				0207DA581B56EA530066E2B4 /* Images.xcassets in Resources */,
				6AFF5BF91D6E424B00AB3073 /* CDVLaunchScreen.storyboard in Resources */,
				F4B25347F2354B63A4523C3E /* GMEmptyFolder@1x.png in Resources */,
				3222BD20BA854A99A94C1EA2 /* GMEmptyFolder@2x.png in Resources */,
				66CC1AE06F7344318E9F7326 /* GMSelected.png in Resources */,
				CCB706E5A644415DA3FB907D /* GMSelected@2x.png in Resources */,
				54851E498BCD4AE489EA3D50 /* GMVideoIcon.png in Resources */,
				EA21F43A31DF41DE8BB796C4 /* GMVideoIcon@2x.png in Resources */,
				51B1E8D269A7425FBC7D44AC /* ca.lproj in Resources */,
				14DCD55F7CD54EC58C527522 /* de.lproj in Resources */,
				3AEB609794474F9E93EF688D /* en.lproj in Resources */,
				2460EF666BF54AEA99B214F0 /* es.lproj in Resources */,
				C77FF69B02FF40E688CD6554 /* fr.lproj in Resources */,
				416BE6A13D6F4DF9B30E7AE5 /* it.lproj in Resources */,
				A28B6DA3692944089650B570 /* pt.lproj in Resources */,
			);
			runOnlyForDeploymentPostprocessing = 0;
		};
/* End PBXResourcesBuildPhase section */

/* Begin PBXShellScriptBuildPhase section */
		304B58A110DAC018002A0835 /* Copy www directory */ = {
			isa = PBXShellScriptBuildPhase;
			buildActionMask = 2147483647;
			files = (
			);
			inputPaths = (
			);
			name = "Copy www directory";
			outputPaths = (
			);
			runOnlyForDeploymentPostprocessing = 0;
			shellPath = /bin/sh;
			shellScript = "NODEJS_PATH=/usr/local/bin; NVM_NODE_PATH=~/.nvm/versions/node/`nvm version 2>/dev/null`/bin; N_NODE_PATH=`find /usr/local/n/versions/node/* -maxdepth 0 -type d 2>/dev/null | tail -1`/bin; XCODE_NODE_PATH=`xcode-select --print-path`/usr/share/xcs/Node/bin; PATH=$NODEJS_PATH:$NVM_NODE_PATH:$N_NODE_PATH:$XCODE_NODE_PATH:$PATH && node cordova/lib/copy-www-build-step.js";
			showEnvVarsInLog = 0;
		};
/* End PBXShellScriptBuildPhase section */

/* Begin PBXSourcesBuildPhase section */
		1D60588E0D05DD3D006BFB54 /* Sources */ = {
			isa = PBXSourcesBuildPhase;
			buildActionMask = 2147483647;
			files = (
				1D60589B0D05DD56006BFB54 /* main.m in Sources */,
				1D3623260D0F684500981E51 /* AppDelegate.m in Sources */,
				302D95F114D2391D003F00A1 /* MainViewController.m in Sources */,
				E10B4B40F310423BADF22A4C /* CDVDevice.m in Sources */,
				F47709D2F5E548B69EE59174 /* CDVLocation.m in Sources */,
				AB1A0532C8B54CA69DC8C8A1 /* CDVWKWebViewEngine.m in Sources */,
				AE239A7B47454FF38EFA73B0 /* CDVWKWebViewUIDelegate.m in Sources */,
				EB3FB2C48714419E8A0525C2 /* CDVWKProcessPoolFactory.m in Sources */,
				FDCF06D584E64E4E86B53F54 /* GCDWebServer.m in Sources */,
				D3124EE9C7674F6AB06A7E9F /* GCDWebServerConnection.m in Sources */,
				BF222CB12D1347BB93FFFBD1 /* GCDWebServerFunctions.m in Sources */,
				6794607CA9E948EFAE366615 /* GCDWebServerRequest.m in Sources */,
				A11723B874844D438832B223 /* GCDWebServerResponse.m in Sources */,
				E54DE2E872A04983B2556700 /* GCDWebServerDataRequest.m in Sources */,
				65AA00536A434252B2526149 /* GCDWebServerFileRequest.m in Sources */,
				4E07D4AA25D644EAA8CEC913 /* GCDWebServerMultiPartFormRequest.m in Sources */,
				B484684EE7DD4D119474D057 /* GCDWebServerURLEncodedFormRequest.m in Sources */,
				DB1A87D2B065404282BA5FB8 /* GCDWebServerDataResponse.m in Sources */,
				A1D43627CAE14130A797182E /* GCDWebServerErrorResponse.m in Sources */,
				2F36774AECCE4F4DB10356AA /* GCDWebServerFileResponse.m in Sources */,
				0C524B75303149DFB72CF5EE /* GCDWebServerStreamedResponse.m in Sources */,
				5607B9873AB64A31B6D8A33A /* CDVConnection.m in Sources */,
				C15FC708DAF243F69F2EE2B6 /* CDVReachability.m in Sources */,
				1827C950458447549A705857 /* CDVSplashScreen.m in Sources */,
				C8ECB5E0073543909CCB84C2 /* CDVViewController+SplashScreen.m in Sources */,
				CD18CC8481B14D6F9B62233A /* IonicKeyboard.m in Sources */,
				C7AAF6E7989E47FBB8BACEE7 /* SOSPicker.m in Sources */,
				F6BF689A14244980ABD6603C /* UIImage+fixOrientation.m in Sources */,
				1B7F9B2146F0476E96E730EE /* GMAlbumsViewCell.m in Sources */,
				A0011BA943284A9285303765 /* GMAlbumsViewController.m in Sources */,
				A4F27CD263A74132B2BDDA07 /* GMFetchItem.m in Sources */,
				98C1356CD37C4AADAC1BCC34 /* GMGridViewCell.m in Sources */,
				6AF297FAAD414F87B820CC88 /* GMGridViewController.m in Sources */,
				B7BE10C7E7DB4CBF810A01B4 /* GMImagePickerController.m in Sources */,
				FCECE6FD617A40A09B578CFB /* PSYBlockTimer.m in Sources */,
				0B2D65733F6E4AA5A325186E /* GMPHAsset.m in Sources */,
				A04714D2E4B8421D834C733C /* AppDelegate+notification.m in Sources */,
				7312CFBE5D9D4091BD2705AB /* PushPlugin.m in Sources */,
			);
			runOnlyForDeploymentPostprocessing = 0;
		};
/* End PBXSourcesBuildPhase section */

/* Begin PBXTargetDependency section */
		301BF551109A68C00062928A /* PBXTargetDependency */ = {
			isa = PBXTargetDependency;
			name = CordovaLib;
			targetProxy = 301BF550109A68C00062928A /* PBXContainerItemProxy */;
		};
/* End PBXTargetDependency section */

/* Begin XCBuildConfiguration section */
		1D6058940D05DD3E006BFB54 /* Debug */ = {
			isa = XCBuildConfiguration;
			baseConfigurationReference = 3047A50F1AB8059700498E2A /* build-debug.xcconfig */;
			buildSettings = {
				ALWAYS_SEARCH_USER_PATHS = NO;
				ASSETCATALOG_COMPILER_APPICON_NAME = AppIcon;
				ASSETCATALOG_COMPILER_LAUNCHIMAGE_NAME = LaunchImage;
				CLANG_ENABLE_MODULES = YES;
				CLANG_ENABLE_OBJC_ARC = YES;
				COPY_PHASE_STRIP = NO;
				GCC_DYNAMIC_NO_PIC = NO;
				GCC_OPTIMIZATION_LEVEL = 0;
				GCC_PRECOMPILE_PREFIX_HEADER = YES;
				GCC_PREFIX_HEADER = "ozalentour/ozalentour-Prefix.pch";
				GCC_THUMB_SUPPORT = NO;
				GCC_VERSION = "";
				INFOPLIST_FILE = "ozalentour/ozalentour-Info.plist";
				IPHONEOS_DEPLOYMENT_TARGET = 9.0;
				LD_RUNPATH_SEARCH_PATHS = "@executable_path/Frameworks";
				TARGETED_DEVICE_FAMILY = "1,2";
				PRODUCT_NAME = "ozalentour";
			};
			name = Debug;
		};
		1D6058950D05DD3E006BFB54 /* Release */ = {
			isa = XCBuildConfiguration;
			baseConfigurationReference = 3047A5101AB8059700498E2A /* build-release.xcconfig */;
			buildSettings = {
				ALWAYS_SEARCH_USER_PATHS = NO;
				ASSETCATALOG_COMPILER_APPICON_NAME = AppIcon;
				ASSETCATALOG_COMPILER_LAUNCHIMAGE_NAME = LaunchImage;
				CLANG_ENABLE_MODULES = YES;
				CLANG_ENABLE_OBJC_ARC = YES;
				COPY_PHASE_STRIP = YES;
				GCC_PRECOMPILE_PREFIX_HEADER = YES;
				GCC_PREFIX_HEADER = "ozalentour/ozalentour-Prefix.pch";
				GCC_THUMB_SUPPORT = NO;
				GCC_VERSION = "";
				INFOPLIST_FILE = "ozalentour/ozalentour-Info.plist";
				IPHONEOS_DEPLOYMENT_TARGET = 9.0;
				LD_RUNPATH_SEARCH_PATHS = "@executable_path/Frameworks";
				TARGETED_DEVICE_FAMILY = "1,2";
				PRODUCT_NAME = "ozalentour";
			};
			name = Release;
		};
		C01FCF4F08A954540054247B /* Debug */ = {
			isa = XCBuildConfiguration;
			baseConfigurationReference = 3047A5111AB8059700498E2A /* build.xcconfig */;
			buildSettings = {
				CLANG_ENABLE_MODULES = YES;
				CLANG_ENABLE_OBJC_ARC = YES;
				CLANG_WARN_BOOL_CONVERSION = YES;
				CLANG_WARN_CONSTANT_CONVERSION = YES;
				CLANG_WARN_EMPTY_BODY = YES;
				CLANG_WARN_ENUM_CONVERSION = YES;
				CLANG_WARN_INT_CONVERSION = YES;
				CLANG_WARN__DUPLICATE_METHOD_MATCH = YES;
				GCC_C_LANGUAGE_STANDARD = c99;
				GCC_THUMB_SUPPORT = NO;
				GCC_VERSION = "";
				GCC_WARN_ABOUT_RETURN_TYPE = YES;
				GCC_WARN_UNDECLARED_SELECTOR = YES;
				GCC_WARN_UNINITIALIZED_AUTOS = YES;
				GCC_WARN_UNUSED_FUNCTION = YES;
				GCC_WARN_UNUSED_VARIABLE = YES;
				ONLY_ACTIVE_ARCH = YES;
				SDKROOT = iphoneos;
				SKIP_INSTALL = NO;
			};
			name = Debug;
		};
		C01FCF5008A954540054247B /* Release */ = {
			isa = XCBuildConfiguration;
			baseConfigurationReference = 3047A5111AB8059700498E2A /* build.xcconfig */;
			buildSettings = {
				CLANG_ENABLE_MODULES = YES;
				CLANG_ENABLE_OBJC_ARC = YES;
				CLANG_WARN_BOOL_CONVERSION = YES;
				CLANG_WARN_CONSTANT_CONVERSION = YES;
				CLANG_WARN_EMPTY_BODY = YES;
				CLANG_WARN_ENUM_CONVERSION = YES;
				CLANG_WARN_INT_CONVERSION = YES;
				CLANG_WARN__DUPLICATE_METHOD_MATCH = YES;
				GCC_C_LANGUAGE_STANDARD = c99;
				GCC_THUMB_SUPPORT = NO;
				GCC_VERSION = "";
				GCC_WARN_ABOUT_RETURN_TYPE = YES;
				GCC_WARN_UNDECLARED_SELECTOR = YES;
				GCC_WARN_UNINITIALIZED_AUTOS = YES;
				GCC_WARN_UNUSED_FUNCTION = YES;
				GCC_WARN_UNUSED_VARIABLE = YES;
				SDKROOT = iphoneos;
				SKIP_INSTALL = NO;
			};
			name = Release;
		};
/* End XCBuildConfiguration section */

/* Begin XCConfigurationList section */
		1D6058960D05DD3E006BFB54 /* Build configuration list for PBXNativeTarget "ozalentour" */ = {
			isa = XCConfigurationList;
			buildConfigurations = (
				1D6058940D05DD3E006BFB54 /* Debug */,
				1D6058950D05DD3E006BFB54 /* Release */,
			);
			defaultConfigurationIsVisible = 0;
			defaultConfigurationName = Release;
		};
		C01FCF4E08A954540054247B /* Build configuration list for PBXProject "__NON-CLI__" */ = {
			isa = XCConfigurationList;
			buildConfigurations = (
				C01FCF4F08A954540054247B /* Debug */,
				C01FCF5008A954540054247B /* Release */,
			);
			defaultConfigurationIsVisible = 0;
			defaultConfigurationName = Release;
		};
/* End XCConfigurationList section */
	};
	rootObject = 29B97313FDCFA39411CA2CEA /* Project object */;
}
